
Microsoft Visual Studio Solution File, Format Version 12.00
# Visual Studio Version 17
VisualStudioVersion = 17.2.32630.192
MinimumVisualStudioVersion = 10.0.40219.1
Project("{FAE04EC0-301F-11D3-BF4B-00C04F79EFBC}") = "MPLAN-API", "MPLAN-API\MPLAN-API.csproj", "{56C9B692-1E30-4B71-8E4E-5F3AD5C3807C}"
EndProject
Global
	GlobalSection(SolutionConfigurationPlatforms) = preSolution
		Debug|Any CPU = Debug|Any CPU
		Release|Any CPU = Release|Any CPU
	EndGlobalSection
	GlobalSection(ProjectConfigurationPlatforms) = postSolution
		{56C9B692-1E30-4B71-8E4E-5F3AD5C3807C}.Debug|Any CPU.ActiveCfg = Debug|Any CPU
		{56C9B692-1E30-4B71-8E4E-5F3AD5C3807C}.Debug|Any CPU.Build.0 = Debug|Any CPU
		{56C9B692-1E30-4B71-8E4E-5F3AD5C3807C}.Release|Any CPU.ActiveCfg = Release|Any CPU
		{56C9B692-1E30-4B71-8E4E-5F3AD5C3807C}.Release|Any CPU.Build.0 = Release|Any CPU
	EndGlobalSection
	GlobalSection(SolutionProperties) = preSolution
		HideSolutionNode = FALSE
	EndGlobalSection
	GlobalSection(ExtensibilityGlobals) = postSolution
		SolutionGuid = {64260F83-E1AD-4081-B96D-F74835647FF1}
	EndGlobalSection
EndGlobal
